<Solution>
  <Folder Name="/Solution Items/">
    <File Path=".github/workflows/deploy.yaml" />
    <File Path=".github/workflows/pr_on_main.yaml" />
    <File Path=".gitignore" />
    <File Path="Directory.Build.props" />
    <File Path="Directory.Packages.props" />
    <File Path="README.md" />
    <File Path="TODO.md" />
  </Folder>
  <Folder Name="/src/">
    <Project Path="src/Core/Core.fsproj" />
  </Folder>
  <Folder Name="/demos/">
    <Project Path="demos/MusicLibrary/MusicLibrary.fsproj" />
  </Folder>
</Solution>
