<Solution>
  <Folder Name="/Solution Items/">
    <File Path=".github/workflows/deploy.yaml" />
    <File Path=".gitignore" />
    <File Path="Directory.Build.props" />
    <File Path="Directory.Packages.props" />
    <File Path="src/README.md" />
    <File Path="src/TODO.md" />
  </Folder>
  <Folder Name="/src/">
    <Project Path="src/Core/Core.fsproj" />
  </Folder>
  <Folder Name="/demos/">
    <Project Path="demos/MusicExplorer/MusicExplorer.fsproj" />
  </Folder>
</Solution>
